// !$*UTF8*$!
{
	archiveVersion = 1;
	classes = {
	};
	objectVersion = 50;
	objects = {

/* Begin PBXBuildFile section */
		33057EDF266FDD5B001931CE /* AlbumsProvider.swift in Sources */ = {isa = PBXBuildFile; fileRef = 33057EDE266FDD5B001931CE /* AlbumsProvider.swift */; };
		33057EE1266FE131001931CE /* AlbumError.swift in Sources */ = {isa = PBXBuildFile; fileRef = 33057EE0266FE131001931CE /* AlbumError.swift */; };
		3321F9C02669C4FC00BBBE1F /* AppDelegate.swift in Sources */ = {isa = PBXBuildFile; fileRef = 3321F9BF2669C4FC00BBBE1F /* AppDelegate.swift */; };
		3321F9C22669C4FC00BBBE1F /* SceneDelegate.swift in Sources */ = {isa = PBXBuildFile; fileRef = 3321F9C12669C4FC00BBBE1F /* SceneDelegate.swift */; };
		3321F9C42669C4FC00BBBE1F /* AlbumsViewController.swift in Sources */ = {isa = PBXBuildFile; fileRef = 3321F9C32669C4FC00BBBE1F /* AlbumsViewController.swift */; };
		3321F9C92669C50100BBBE1F /* Assets.xcassets in Resources */ = {isa = PBXBuildFile; fileRef = 3321F9C82669C50100BBBE1F /* Assets.xcassets */; };
		3321F9CC2669C50100BBBE1F /* LaunchScreen.storyboard in Resources */ = {isa = PBXBuildFile; fileRef = 3321F9CA2669C50100BBBE1F /* LaunchScreen.storyboard */; };
		3321F9D62669CA7D00BBBE1F /* AlbumDetailViewController.swift in Sources */ = {isa = PBXBuildFile; fileRef = 3321F9D52669CA7D00BBBE1F /* AlbumDetailViewController.swift */; };
		33D1B865266AB4E7000A6852 /* DataModel.swift in Sources */ = {isa = PBXBuildFile; fileRef = 33D1B864266AB4E7000A6852 /* DataModel.swift */; };
		33D1B867266AB53D000A6852 /* UIImage+async.swift in Sources */ = {isa = PBXBuildFile; fileRef = 33D1B866266AB53D000A6852 /* UIImage+async.swift */; };
/* End PBXBuildFile section */

/* Begin PBXFileReference section */
		33057EDE266FDD5B001931CE /* AlbumsProvider.swift */ = {isa = PBXFileReference; lastKnownFileType = sourcecode.swift; path = AlbumsProvider.swift; sourceTree = "<group>"; };
		33057EE0266FE131001931CE /* AlbumError.swift */ = {isa = PBXFileReference; lastKnownFileType = sourcecode.swift; path = AlbumError.swift; sourceTree = "<group>"; };
		3321F9BC2669C4FC00BBBE1F /* Albums.app */ = {isa = PBXFileReference; explicitFileType = wrapper.application; includeInIndex = 0; path = Albums.app; sourceTree = BUILT_PRODUCTS_DIR; };
		3321F9BF2669C4FC00BBBE1F /* AppDelegate.swift */ = {isa = PBXFileReference; lastKnownFileType = sourcecode.swift; path = AppDelegate.swift; sourceTree = "<group>"; };
		3321F9C12669C4FC00BBBE1F /* SceneDelegate.swift */ = {isa = PBXFileReference; lastKnownFileType = sourcecode.swift; path = SceneDelegate.swift; sourceTree = "<group>"; };
		3321F9C32669C4FC00BBBE1F /* AlbumsViewController.swift */ = {isa = PBXFileReference; lastKnownFileType = sourcecode.swift; path = AlbumsViewController.swift; sourceTree = "<group>"; };
		3321F9C82669C50100BBBE1F /* Assets.xcassets */ = {isa = PBXFileReference; lastKnownFileType = folder.assetcatalog; path = Assets.xcassets; sourceTree = "<group>"; };
		3321F9CB2669C50100BBBE1F /* Base */ = {isa = PBXFileReference; lastKnownFileType = file.storyboard; name = Base; path = Base.lproj/LaunchScreen.storyboard; sourceTree = "<group>"; };
		3321F9CD2669C50100BBBE1F /* Info.plist */ = {isa = PBXFileReference; lastKnownFileType = text.plist.xml; path = Info.plist; sourceTree = "<group>"; };
		3321F9D52669CA7D00BBBE1F /* AlbumDetailViewController.swift */ = {isa = PBXFileReference; lastKnownFileType = sourcecode.swift; path = AlbumDetailViewController.swift; sourceTree = "<group>"; };
		33D1B864266AB4E7000A6852 /* DataModel.swift */ = {isa = PBXFileReference; lastKnownFileType = sourcecode.swift; path = DataModel.swift; sourceTree = "<group>"; };
		33D1B866266AB53D000A6852 /* UIImage+async.swift */ = {isa = PBXFileReference; lastKnownFileType = sourcecode.swift; path = "UIImage+async.swift"; sourceTree = "<group>"; };
/* End PBXFileReference section */

/* Begin PBXFrameworksBuildPhase section */
		3321F9B92669C4FC00BBBE1F /* Frameworks */ = {
			isa = PBXFrameworksBuildPhase;
			buildActionMask = 2147483647;
			files = (
			);
			runOnlyForDeploymentPostprocessing = 0;
		};
/* End PBXFrameworksBuildPhase section */

/* Begin PBXGroup section */
		3321F9B32669C4FC00BBBE1F = {
			isa = PBXGroup;
			children = (
				3321F9BE2669C4FC00BBBE1F /* Albums */,
				3321F9BD2669C4FC00BBBE1F /* Products */,
			);
			sourceTree = "<group>";
		};
		3321F9BD2669C4FC00BBBE1F /* Products */ = {
			isa = PBXGroup;
			children = (
				3321F9BC2669C4FC00BBBE1F /* Albums.app */,
			);
			name = Products;
			sourceTree = "<group>";
		};
		3321F9BE2669C4FC00BBBE1F /* Albums */ = {
			isa = PBXGroup;
			children = (
				3321F9BF2669C4FC00BBBE1F /* AppDelegate.swift */,
				3321F9C12669C4FC00BBBE1F /* SceneDelegate.swift */,
				3321F9C32669C4FC00BBBE1F /* AlbumsViewController.swift */,
				3321F9C82669C50100BBBE1F /* Assets.xcassets */,
				3321F9CA2669C50100BBBE1F /* LaunchScreen.storyboard */,
				3321F9CD2669C50100BBBE1F /* Info.plist */,
				3321F9D52669CA7D00BBBE1F /* AlbumDetailViewController.swift */,
				33D1B864266AB4E7000A6852 /* DataModel.swift */,
				33D1B866266AB53D000A6852 /* UIImage+async.swift */,
				33057EDE266FDD5B001931CE /* AlbumsProvider.swift */,
				33057EE0266FE131001931CE /* AlbumError.swift */,
			);
			path = Albums;
			sourceTree = "<group>";
		};
/* End PBXGroup section */

/* Begin PBXNativeTarget section */
		3321F9BB2669C4FC00BBBE1F /* Albums */ = {
			isa = PBXNativeTarget;
			buildConfigurationList = 3321F9D02669C50100BBBE1F /* Build configuration list for PBXNativeTarget "Albums" */;
			buildPhases = (
				3321F9B82669C4FC00BBBE1F /* Sources */,
				3321F9B92669C4FC00BBBE1F /* Frameworks */,
				3321F9BA2669C4FC00BBBE1F /* Resources */,
			);
			buildRules = (
			);
			dependencies = (
			);
			name = Albums;
			productName = Albums;
			productReference = 3321F9BC2669C4FC00BBBE1F /* Albums.app */;
			productType = "com.apple.product-type.application";
		};
/* End PBXNativeTarget section */

/* Begin PBXProject section */
		3321F9B42669C4FC00BBBE1F /* Project object */ = {
			isa = PBXProject;
			attributes = {
				LastSwiftUpdateCheck = 1250;
				LastUpgradeCheck = 1250;
				TargetAttributes = {
					3321F9BB2669C4FC00BBBE1F = {
						CreatedOnToolsVersion = 12.5;
					};
				};
			};
			buildConfigurationList = 3321F9B72669C4FC00BBBE1F /* Build configuration list for PBXProject "Albums" */;
			compatibilityVersion = "Xcode 9.3";
			developmentRegion = en;
			hasScannedForEncodings = 0;
			knownRegions = (
				en,
				Base,
			);
			mainGroup = 3321F9B32669C4FC00BBBE1F;
			productRefGroup = 3321F9BD2669C4FC00BBBE1F /* Products */;
			projectDirPath = "";
			projectRoot = "";
			targets = (
				3321F9BB2669C4FC00BBBE1F /* Albums */,
			);
		};
/* End PBXProject section */

/* Begin PBXResourcesBuildPhase section */
		3321F9BA2669C4FC00BBBE1F /* Resources */ = {
			isa = PBXResourcesBuildPhase;
			buildActionMask = 2147483647;
			files = (
				3321F9CC2669C50100BBBE1F /* LaunchScreen.storyboard in Resources */,
				3321F9C92669C50100BBBE1F /* Assets.xcassets in Resources */,
			);
			runOnlyForDeploymentPostprocessing = 0;
		};
/* End PBXResourcesBuildPhase section */

/* Begin PBXSourcesBuildPhase section */
		3321F9B82669C4FC00BBBE1F /* Sources */ = {
			isa = PBXSourcesBuildPhase;
			buildActionMask = 2147483647;
			files = (
				33D1B867266AB53D000A6852 /* UIImage+async.swift in Sources */,
				33D1B865266AB4E7000A6852 /* DataModel.swift in Sources */,
				3321F9C42669C4FC00BBBE1F /* AlbumsViewController.swift in Sources */,
				3321F9D62669CA7D00BBBE1F /* AlbumDetailViewController.swift in Sources */,
				3321F9C02669C4FC00BBBE1F /* AppDelegate.swift in Sources */,
				33057EDF266FDD5B001931CE /* AlbumsProvider.swift in Sources */,
				33057EE1266FE131001931CE /* AlbumError.swift in Sources */,
				3321F9C22669C4FC00BBBE1F /* SceneDelegate.swift in Sources */,
			);
			runOnlyForDeploymentPostprocessing = 0;
		};
/* End PBXSourcesBuildPhase section */

/* Begin PBXVariantGroup section */
		3321F9CA2669C50100BBBE1F /* LaunchScreen.storyboard */ = {
			isa = PBXVariantGroup;
			children = (
				3321F9CB2669C50100BBBE1F /* Base */,
			);
			name = LaunchScreen.storyboard;
			sourceTree = "<group>";
		};
/* End PBXVariantGroup section */

/* Begin XCBuildConfiguration section */
		3321F9CE2669C50100BBBE1F /* Debug */ = {
			isa = XCBuildConfiguration;
			buildSettings = {
				ALWAYS_SEARCH_USER_PATHS = NO;
				CLANG_ANALYZER_NONNULL = YES;
				CLANG_ANALYZER_NUMBER_OBJECT_CONVERSION = YES_AGGRESSIVE;
				CLANG_CXX_LANGUAGE_STANDARD = "gnu++14";
				CLANG_CXX_LIBRARY = "libc++";
				CLANG_ENABLE_MODULES = YES;
				CLANG_ENABLE_OBJC_ARC = YES;
				CLANG_ENABLE_OBJC_WEAK = YES;
				CLANG_WARN_BLOCK_CAPTURE_AUTORELEASING = YES;
				CLANG_WARN_BOOL_CONVERSION = YES;
				CLANG_WARN_COMMA = YES;
				CLANG_WARN_CONSTANT_CONVERSION = YES;
				CLANG_WARN_DEPRECATED_OBJC_IMPLEMENTATIONS = YES;
				CLANG_WARN_DIRECT_OBJC_ISA_USAGE = YES_ERROR;
				CLANG_WARN_DOCUMENTATION_COMMENTS = YES;
				CLANG_WARN_EMPTY_BODY = YES;
				CLANG_WARN_ENUM_CONVERSION = YES;
				CLANG_WARN_INFINITE_RECURSION = YES;
				CLANG_WARN_INT_CONVERSION = YES;
				CLANG_WARN_NON_LITERAL_NULL_CONVERSION = YES;
				CLANG_WARN_OBJC_IMPLICIT_RETAIN_SELF = YES;
				CLANG_WARN_OBJC_LITERAL_CONVERSION = YES;
				CLANG_WARN_OBJC_ROOT_CLASS = YES_ERROR;
				CLANG_WARN_QUOTED_INCLUDE_IN_FRAMEWORK_HEADER = YES;
				CLANG_WARN_RANGE_LOOP_ANALYSIS = YES;
				CLANG_WARN_STRICT_PROTOTYPES = YES;
				CLANG_WARN_SUSPICIOUS_MOVE = YES;
				CLANG_WARN_UNGUARDED_AVAILABILITY = YES_AGGRESSIVE;
				CLANG_WARN_UNREACHABLE_CODE = YES;
				CLANG_WARN__DUPLICATE_METHOD_MATCH = YES;
				COPY_PHASE_STRIP = NO;
				DEBUG_INFORMATION_FORMAT = dwarf;
				ENABLE_STRICT_OBJC_MSGSEND = YES;
				ENABLE_TESTABILITY = YES;
				GCC_C_LANGUAGE_STANDARD = gnu11;
				GCC_DYNAMIC_NO_PIC = NO;
				GCC_NO_COMMON_BLOCKS = YES;
				GCC_OPTIMIZATION_LEVEL = 0;
				GCC_PREPROCESSOR_DEFINITIONS = (
					"DEBUG=1",
					"$(inherited)",
				);
				GCC_WARN_64_TO_32_BIT_CONVERSION = YES;
				GCC_WARN_ABOUT_RETURN_TYPE = YES_ERROR;
				GCC_WARN_UNDECLARED_SELECTOR = YES;
				GCC_WARN_UNINITIALIZED_AUTOS = YES_AGGRESSIVE;
				GCC_WARN_UNUSED_FUNCTION = YES;
				GCC_WARN_UNUSED_VARIABLE = YES;
				IPHONEOS_DEPLOYMENT_TARGET = 14.5;
				MTL_ENABLE_DEBUG_INFO = INCLUDE_SOURCE;
				MTL_FAST_MATH = YES;
				ONLY_ACTIVE_ARCH = YES;
				SDKROOT = iphoneos;
				SWIFT_ACTIVE_COMPILATION_CONDITIONS = DEBUG;
				SWIFT_OPTIMIZATION_LEVEL = "-Onone";
			};
			name = Debug;
		};
		3321F9CF2669C50100BBBE1F /* Release */ = {
			isa = XCBuildConfiguration;
			buildSettings = {
				ALWAYS_SEARCH_USER_PATHS = NO;
				CLANG_ANALYZER_NONNULL = YES;
				CLANG_ANALYZER_NUMBER_OBJECT_CONVERSION = YES_AGGRESSIVE;
				CLANG_CXX_LANGUAGE_STANDARD = "gnu++14";
				CLANG_CXX_LIBRARY = "libc++";
				CLANG_ENABLE_MODULES = YES;
				CLANG_ENABLE_OBJC_ARC = YES;
				CLANG_ENABLE_OBJC_WEAK = YES;
				CLANG_WARN_BLOCK_CAPTURE_AUTORELEASING = YES;
				CLANG_WARN_BOOL_CONVERSION = YES;
				CLANG_WARN_COMMA = YES;
				CLANG_WARN_CONSTANT_CONVERSION = YES;
				CLANG_WARN_DEPRECATED_OBJC_IMPLEMENTATIONS = YES;
				CLANG_WARN_DIRECT_OBJC_ISA_USAGE = YES_ERROR;
				CLANG_WARN_DOCUMENTATION_COMMENTS = YES;
				CLANG_WARN_EMPTY_BODY = YES;
				CLANG_WARN_ENUM_CONVERSION = YES;
				CLANG_WARN_INFINITE_RECURSION = YES;
				CLANG_WARN_INT_CONVERSION = YES;
				CLANG_WARN_NON_LITERAL_NULL_CONVERSION = YES;
				CLANG_WARN_OBJC_IMPLICIT_RETAIN_SELF = YES;
				CLANG_WARN_OBJC_LITERAL_CONVERSION = YES;
				CLANG_WARN_OBJC_ROOT_CLASS = YES_ERROR;
				CLANG_WARN_QUOTED_INCLUDE_IN_FRAMEWORK_HEADER = YES;
				CLANG_WARN_RANGE_LOOP_ANALYSIS = YES;
				CLANG_WARN_STRICT_PROTOTYPES = YES;
				CLANG_WARN_SUSPICIOUS_MOVE = YES;
				CLANG_WARN_UNGUARDED_AVAILABILITY = YES_AGGRESSIVE;
				CLANG_WARN_UNREACHABLE_CODE = YES;
				CLANG_WARN__DUPLICATE_METHOD_MATCH = YES;
				COPY_PHASE_STRIP = NO;
				DEBUG_INFORMATION_FORMAT = "dwarf-with-dsym";
				ENABLE_NS_ASSERTIONS = NO;
				ENABLE_STRICT_OBJC_MSGSEND = YES;
				GCC_C_LANGUAGE_STANDARD = gnu11;
				GCC_NO_COMMON_BLOCKS = YES;
				GCC_WARN_64_TO_32_BIT_CONVERSION = YES;
				GCC_WARN_ABOUT_RETURN_TYPE = YES_ERROR;
				GCC_WARN_UNDECLARED_SELECTOR = YES;
				GCC_WARN_UNINITIALIZED_AUTOS = YES_AGGRESSIVE;
				GCC_WARN_UNUSED_FUNCTION = YES;
				GCC_WARN_UNUSED_VARIABLE = YES;
				IPHONEOS_DEPLOYMENT_TARGET = 14.5;
				MTL_ENABLE_DEBUG_INFO = NO;
				MTL_FAST_MATH = YES;
				SDKROOT = iphoneos;
				SWIFT_COMPILATION_MODE = wholemodule;
				SWIFT_OPTIMIZATION_LEVEL = "-O";
				VALIDATE_PRODUCT = YES;
			};
			name = Release;
		};
		3321F9D12669C50100BBBE1F /* Debug */ = {
			isa = XCBuildConfiguration;
			buildSettings = {
				ASSETCATALOG_COMPILER_APPICON_NAME = AppIcon;
				ASSETCATALOG_COMPILER_GLOBAL_ACCENT_COLOR_NAME = AccentColor;
				CODE_SIGN_STYLE = Automatic;
				DEVELOPMENT_TEAM = X48CCKNWYL;
				INFOPLIST_FILE = Albums/Info.plist;
				LD_RUNPATH_SEARCH_PATHS = (
					"$(inherited)",
					"@executable_path/Frameworks",
				);
				PRODUCT_BUNDLE_IDENTIFIER = com.broadreachsoftware.Albums;
				PRODUCT_NAME = "$(TARGET_NAME)";
				SWIFT_VERSION = 5.0;
				TARGETED_DEVICE_FAMILY = "1,2";
			};
			name = Debug;
		};
		3321F9D22669C50100BBBE1F /* Release */ = {
			isa = XCBuildConfiguration;
			buildSettings = {
				ASSETCATALOG_COMPILER_APPICON_NAME = AppIcon;
				ASSETCATALOG_COMPILER_GLOBAL_ACCENT_COLOR_NAME = AccentColor;
				CODE_SIGN_STYLE = Automatic;
				DEVELOPMENT_TEAM = X48CCKNWYL;
				INFOPLIST_FILE = Albums/Info.plist;
				LD_RUNPATH_SEARCH_PATHS = (
					"$(inherited)",
					"@executable_path/Frameworks",
				);
				PRODUCT_BUNDLE_IDENTIFIER = com.broadreachsoftware.Albums;
				PRODUCT_NAME = "$(TARGET_NAME)";
				SWIFT_VERSION = 5.0;
				TARGETED_DEVICE_FAMILY = "1,2";
			};
			name = Release;
		};
/* End XCBuildConfiguration section */

/* Begin XCConfigurationList section */
		3321F9B72669C4FC00BBBE1F /* Build configuration list for PBXProject "Albums" */ = {
			isa = XCConfigurationList;
			buildConfigurations = (
				3321F9CE2669C50100BBBE1F /* Debug */,
				3321F9CF2669C50100BBBE1F /* Release */,
			);
			defaultConfigurationIsVisible = 0;
			defaultConfigurationName = Release;
		};
		3321F9D02669C50100BBBE1F /* Build configuration list for PBXNativeTarget "Albums" */ = {
			isa = XCConfigurationList;
			buildConfigurations = (
				3321F9D12669C50100BBBE1F /* Debug */,
				3321F9D22669C50100BBBE1F /* Release */,
			);
			defaultConfigurationIsVisible = 0;
			defaultConfigurationName = Release;
		};
/* End XCConfigurationList section */
	};
	rootObject = 3321F9B42669C4FC00BBBE1F /* Project object */;
}
